
Microsoft Visual Studio Solution File, Format Version 12.00
# Visual Studio Version 17
VisualStudioVersion = 17.8.34511.84
MinimumVisualStudioVersion = 10.0.40219.1
Project("{8BC9CEB8-8B4A-11D0-8D11-00A0C91BC942}") = "day1", "day1\day1.vcxproj", "{927F4A7F-98F3-42EF-8EED-0FF0104B0DE0}"
EndProject
Project("{8BC9CEB8-8B4A-11D0-8D11-00A0C91BC942}") = "day2", "day2\day2.vcxproj", "{276C7B97-FA3E-4D5F-AF07-B31A71285F0E}"
EndProject
Project("{8BC9CEB8-8B4A-11D0-8D11-00A0C91BC942}") = "day3", "day3\day3.vcxproj", "{1A6CB2DF-2C09-4B8E-9455-5673BADE510A}"
EndProject
Project("{8BC9CEB8-8B4A-11D0-8D11-00A0C91BC942}") = "day4", "day4\day4.vcxproj", "{5225183C-5FF2-45EF-9D76-9C823ED38E1B}"
EndProject
Project("{8BC9CEB8-8B4A-11D0-8D11-00A0C91BC942}") = "day5", "day5\day5.vcxproj", "{22B020A4-0E19-4953-871B-B65EF0019E6F}"
EndProject
Project("{8BC9CEB8-8B4A-11D0-8D11-00A0C91BC942}") = "day6", "day6\day6.vcxproj", "{BFD35428-B60D-434E-8935-04B9F549D352}"
EndProject
Project("{8BC9CEB8-8B4A-11D0-8D11-00A0C91BC942}") = "day7", "day7\day7.vcxproj", "{0E39B199-99F9-4548-963C-81A2F0CC5492}"
EndProject
Project("{8BC9CEB8-8B4A-11D0-8D11-00A0C91BC942}") = "day8", "day8\day8.vcxproj", "{19348903-D0DB-4902-97B0-0DC2C4AE867A}"
EndProject
Project("{8BC9CEB8-8B4A-11D0-8D11-00A0C91BC942}") = "day9", "day9\day9.vcxproj", "{CC3421E7-B032-41ED-9A5D-1C1B71ACDFEB}"
EndProject
Project("{8BC9CEB8-8B4A-11D0-8D11-00A0C91BC942}") = "day10", "day10\day10.vcxproj", "{29D33ABD-1167-4DFC-9FA0-D2CB8BB8C284}"
EndProject
Project("{8BC9CEB8-8B4A-11D0-8D11-00A0C91BC942}") = "day11", "day11\day11.vcxproj", "{5BBF2AAB-C283-4845-BD1C-88BC177D77EB}"
EndProject
Project("{8BC9CEB8-8B4A-11D0-8D11-00A0C91BC942}") = "day12", "day12\day12.vcxproj", "{B0972D83-CA83-4A7C-AB2B-4721B17D6E56}"
EndProject
Project("{8BC9CEB8-8B4A-11D0-8D11-00A0C91BC942}") = "day13", "day13\day13.vcxproj", "{CC820660-4B15-4CBA-82BA-247D99B2504C}"
EndProject
Project("{8BC9CEB8-8B4A-11D0-8D11-00A0C91BC942}") = "day14", "day14\day14.vcxproj", "{3566FB79-8930-4B06-82D6-F87AA62E17CC}"
EndProject
Project("{8BC9CEB8-8B4A-11D0-8D11-00A0C91BC942}") = "day15", "day15\day15.vcxproj", "{D80E6611-31E4-460E-91EC-B0E984176D7E}"
EndProject
Project("{8BC9CEB8-8B4A-11D0-8D11-00A0C91BC942}") = "day16", "day16\day16.vcxproj", "{9F3037DA-CC8C-42A5-958F-CAA123168F84}"
EndProject
Project("{8BC9CEB8-8B4A-11D0-8D11-00A0C91BC942}") = "day17", "day17\day17.vcxproj", "{10804271-84F3-41C9-AC9B-191BF7ABE957}"
EndProject
Project("{8BC9CEB8-8B4A-11D0-8D11-00A0C91BC942}") = "day18", "day18\day18.vcxproj", "{7EA61032-CCD8-41E6-ACB1-34842E962AF7}"
EndProject
Project("{8BC9CEB8-8B4A-11D0-8D11-00A0C91BC942}") = "day19", "day19\day19.vcxproj", "{AF2C97E8-B709-4C9B-BAAE-8A623533583C}"
EndProject
Project("{8BC9CEB8-8B4A-11D0-8D11-00A0C91BC942}") = "day20", "day20\day20.vcxproj", "{21811E46-3D18-4B89-92A4-4CC3D67A27A2}"
EndProject
Project("{8BC9CEB8-8B4A-11D0-8D11-00A0C91BC942}") = "day21", "day21\day21.vcxproj", "{82F59BCC-B31D-4968-9A9F-278199DB4C07}"
EndProject
Project("{8BC9CEB8-8B4A-11D0-8D11-00A0C91BC942}") = "Cpp2HelloWorld", "Cpp2HelloWorld\Cpp2HelloWorld.vcxproj", "{B49F5712-815E-4A5B-8BD1-20FE2AE8B230}"
EndProject
Project("{8BC9CEB8-8B4A-11D0-8D11-00A0C91BC942}") = "day22", "day22\day22.vcxproj", "{2A176B31-D812-4DB2-A32A-5C6C3525C674}"
EndProject
Project("{8BC9CEB8-8B4A-11D0-8D11-00A0C91BC942}") = "day23", "day23\day23.vcxproj", "{AE0998E8-33F3-4267-82A9-1E6148646871}"
EndProject
Project("{8BC9CEB8-8B4A-11D0-8D11-00A0C91BC942}") = "day24", "day24\day24.vcxproj", "{9BB13848-2B35-4484-8CB8-54DA960C25CB}"
EndProject
Project("{8BC9CEB8-8B4A-11D0-8D11-00A0C91BC942}") = "day25", "day25\day25.vcxproj", "{5C97F20C-96F1-4F75-93E7-3741E1C7988D}"
EndProject
Global
	GlobalSection(SolutionConfigurationPlatforms) = preSolution
		Debug|x64 = Debug|x64
		Debug|x86 = Debug|x86
		Release|x64 = Release|x64
		Release|x86 = Release|x86
	EndGlobalSection
	GlobalSection(ProjectConfigurationPlatforms) = postSolution
		{927F4A7F-98F3-42EF-8EED-0FF0104B0DE0}.Debug|x64.ActiveCfg = Debug|x64
		{927F4A7F-98F3-42EF-8EED-0FF0104B0DE0}.Debug|x64.Build.0 = Debug|x64
		{927F4A7F-98F3-42EF-8EED-0FF0104B0DE0}.Debug|x86.ActiveCfg = Debug|Win32
		{927F4A7F-98F3-42EF-8EED-0FF0104B0DE0}.Debug|x86.Build.0 = Debug|Win32
		{927F4A7F-98F3-42EF-8EED-0FF0104B0DE0}.Release|x64.ActiveCfg = Release|x64
		{927F4A7F-98F3-42EF-8EED-0FF0104B0DE0}.Release|x64.Build.0 = Release|x64
		{927F4A7F-98F3-42EF-8EED-0FF0104B0DE0}.Release|x86.ActiveCfg = Release|Win32
		{927F4A7F-98F3-42EF-8EED-0FF0104B0DE0}.Release|x86.Build.0 = Release|Win32
		{276C7B97-FA3E-4D5F-AF07-B31A71285F0E}.Debug|x64.ActiveCfg = Debug|x64
		{276C7B97-FA3E-4D5F-AF07-B31A71285F0E}.Debug|x64.Build.0 = Debug|x64
		{276C7B97-FA3E-4D5F-AF07-B31A71285F0E}.Debug|x86.ActiveCfg = Debug|Win32
		{276C7B97-FA3E-4D5F-AF07-B31A71285F0E}.Debug|x86.Build.0 = Debug|Win32
		{276C7B97-FA3E-4D5F-AF07-B31A71285F0E}.Release|x64.ActiveCfg = Release|x64
		{276C7B97-FA3E-4D5F-AF07-B31A71285F0E}.Release|x64.Build.0 = Release|x64
		{276C7B97-FA3E-4D5F-AF07-B31A71285F0E}.Release|x86.ActiveCfg = Release|Win32
		{276C7B97-FA3E-4D5F-AF07-B31A71285F0E}.Release|x86.Build.0 = Release|Win32
		{1A6CB2DF-2C09-4B8E-9455-5673BADE510A}.Debug|x64.ActiveCfg = Debug|x64
		{1A6CB2DF-2C09-4B8E-9455-5673BADE510A}.Debug|x64.Build.0 = Debug|x64
		{1A6CB2DF-2C09-4B8E-9455-5673BADE510A}.Debug|x86.ActiveCfg = Debug|Win32
		{1A6CB2DF-2C09-4B8E-9455-5673BADE510A}.Debug|x86.Build.0 = Debug|Win32
		{1A6CB2DF-2C09-4B8E-9455-5673BADE510A}.Release|x64.ActiveCfg = Release|x64
		{1A6CB2DF-2C09-4B8E-9455-5673BADE510A}.Release|x64.Build.0 = Release|x64
		{1A6CB2DF-2C09-4B8E-9455-5673BADE510A}.Release|x86.ActiveCfg = Release|Win32
		{1A6CB2DF-2C09-4B8E-9455-5673BADE510A}.Release|x86.Build.0 = Release|Win32
		{5225183C-5FF2-45EF-9D76-9C823ED38E1B}.Debug|x64.ActiveCfg = Debug|x64
		{5225183C-5FF2-45EF-9D76-9C823ED38E1B}.Debug|x64.Build.0 = Debug|x64
		{5225183C-5FF2-45EF-9D76-9C823ED38E1B}.Debug|x86.ActiveCfg = Debug|Win32
		{5225183C-5FF2-45EF-9D76-9C823ED38E1B}.Debug|x86.Build.0 = Debug|Win32
		{5225183C-5FF2-45EF-9D76-9C823ED38E1B}.Release|x64.ActiveCfg = Release|x64
		{5225183C-5FF2-45EF-9D76-9C823ED38E1B}.Release|x64.Build.0 = Release|x64
		{5225183C-5FF2-45EF-9D76-9C823ED38E1B}.Release|x86.ActiveCfg = Release|Win32
		{5225183C-5FF2-45EF-9D76-9C823ED38E1B}.Release|x86.Build.0 = Release|Win32
		{22B020A4-0E19-4953-871B-B65EF0019E6F}.Debug|x64.ActiveCfg = Debug|x64
		{22B020A4-0E19-4953-871B-B65EF0019E6F}.Debug|x64.Build.0 = Debug|x64
		{22B020A4-0E19-4953-871B-B65EF0019E6F}.Debug|x86.ActiveCfg = Debug|Win32
		{22B020A4-0E19-4953-871B-B65EF0019E6F}.Debug|x86.Build.0 = Debug|Win32
		{22B020A4-0E19-4953-871B-B65EF0019E6F}.Release|x64.ActiveCfg = Release|x64
		{22B020A4-0E19-4953-871B-B65EF0019E6F}.Release|x64.Build.0 = Release|x64
		{22B020A4-0E19-4953-871B-B65EF0019E6F}.Release|x86.ActiveCfg = Release|Win32
		{22B020A4-0E19-4953-871B-B65EF0019E6F}.Release|x86.Build.0 = Release|Win32
		{BFD35428-B60D-434E-8935-04B9F549D352}.Debug|x64.ActiveCfg = Debug|x64
		{BFD35428-B60D-434E-8935-04B9F549D352}.Debug|x64.Build.0 = Debug|x64
		{BFD35428-B60D-434E-8935-04B9F549D352}.Debug|x86.ActiveCfg = Debug|Win32
		{BFD35428-B60D-434E-8935-04B9F549D352}.Debug|x86.Build.0 = Debug|Win32
		{BFD35428-B60D-434E-8935-04B9F549D352}.Release|x64.ActiveCfg = Release|x64
		{BFD35428-B60D-434E-8935-04B9F549D352}.Release|x64.Build.0 = Release|x64
		{BFD35428-B60D-434E-8935-04B9F549D352}.Release|x86.ActiveCfg = Release|Win32
		{BFD35428-B60D-434E-8935-04B9F549D352}.Release|x86.Build.0 = Release|Win32
		{0E39B199-99F9-4548-963C-81A2F0CC5492}.Debug|x64.ActiveCfg = Debug|x64
		{0E39B199-99F9-4548-963C-81A2F0CC5492}.Debug|x64.Build.0 = Debug|x64
		{0E39B199-99F9-4548-963C-81A2F0CC5492}.Debug|x86.ActiveCfg = Debug|Win32
		{0E39B199-99F9-4548-963C-81A2F0CC5492}.Debug|x86.Build.0 = Debug|Win32
		{0E39B199-99F9-4548-963C-81A2F0CC5492}.Release|x64.ActiveCfg = Release|x64
		{0E39B199-99F9-4548-963C-81A2F0CC5492}.Release|x64.Build.0 = Release|x64
		{0E39B199-99F9-4548-963C-81A2F0CC5492}.Release|x86.ActiveCfg = Release|Win32
		{0E39B199-99F9-4548-963C-81A2F0CC5492}.Release|x86.Build.0 = Release|Win32
		{19348903-D0DB-4902-97B0-0DC2C4AE867A}.Debug|x64.ActiveCfg = Debug|x64
		{19348903-D0DB-4902-97B0-0DC2C4AE867A}.Debug|x64.Build.0 = Debug|x64
		{19348903-D0DB-4902-97B0-0DC2C4AE867A}.Debug|x86.ActiveCfg = Debug|Win32
		{19348903-D0DB-4902-97B0-0DC2C4AE867A}.Debug|x86.Build.0 = Debug|Win32
		{19348903-D0DB-4902-97B0-0DC2C4AE867A}.Release|x64.ActiveCfg = Release|x64
		{19348903-D0DB-4902-97B0-0DC2C4AE867A}.Release|x64.Build.0 = Release|x64
		{19348903-D0DB-4902-97B0-0DC2C4AE867A}.Release|x86.ActiveCfg = Release|Win32
		{19348903-D0DB-4902-97B0-0DC2C4AE867A}.Release|x86.Build.0 = Release|Win32
		{CC3421E7-B032-41ED-9A5D-1C1B71ACDFEB}.Debug|x64.ActiveCfg = Debug|x64
		{CC3421E7-B032-41ED-9A5D-1C1B71ACDFEB}.Debug|x64.Build.0 = Debug|x64
		{CC3421E7-B032-41ED-9A5D-1C1B71ACDFEB}.Debug|x86.ActiveCfg = Debug|Win32
		{CC3421E7-B032-41ED-9A5D-1C1B71ACDFEB}.Debug|x86.Build.0 = Debug|Win32
		{CC3421E7-B032-41ED-9A5D-1C1B71ACDFEB}.Release|x64.ActiveCfg = Release|x64
		{CC3421E7-B032-41ED-9A5D-1C1B71ACDFEB}.Release|x64.Build.0 = Release|x64
		{CC3421E7-B032-41ED-9A5D-1C1B71ACDFEB}.Release|x86.ActiveCfg = Release|Win32
		{CC3421E7-B032-41ED-9A5D-1C1B71ACDFEB}.Release|x86.Build.0 = Release|Win32
		{29D33ABD-1167-4DFC-9FA0-D2CB8BB8C284}.Debug|x64.ActiveCfg = Debug|x64
		{29D33ABD-1167-4DFC-9FA0-D2CB8BB8C284}.Debug|x64.Build.0 = Debug|x64
		{29D33ABD-1167-4DFC-9FA0-D2CB8BB8C284}.Debug|x86.ActiveCfg = Debug|Win32
		{29D33ABD-1167-4DFC-9FA0-D2CB8BB8C284}.Debug|x86.Build.0 = Debug|Win32
		{29D33ABD-1167-4DFC-9FA0-D2CB8BB8C284}.Release|x64.ActiveCfg = Release|x64
		{29D33ABD-1167-4DFC-9FA0-D2CB8BB8C284}.Release|x64.Build.0 = Release|x64
		{29D33ABD-1167-4DFC-9FA0-D2CB8BB8C284}.Release|x86.ActiveCfg = Release|Win32
		{29D33ABD-1167-4DFC-9FA0-D2CB8BB8C284}.Release|x86.Build.0 = Release|Win32
		{5BBF2AAB-C283-4845-BD1C-88BC177D77EB}.Debug|x64.ActiveCfg = Debug|x64
		{5BBF2AAB-C283-4845-BD1C-88BC177D77EB}.Debug|x64.Build.0 = Debug|x64
		{5BBF2AAB-C283-4845-BD1C-88BC177D77EB}.Debug|x86.ActiveCfg = Debug|Win32
		{5BBF2AAB-C283-4845-BD1C-88BC177D77EB}.Debug|x86.Build.0 = Debug|Win32
		{5BBF2AAB-C283-4845-BD1C-88BC177D77EB}.Release|x64.ActiveCfg = Release|x64
		{5BBF2AAB-C283-4845-BD1C-88BC177D77EB}.Release|x64.Build.0 = Release|x64
		{5BBF2AAB-C283-4845-BD1C-88BC177D77EB}.Release|x86.ActiveCfg = Release|Win32
		{5BBF2AAB-C283-4845-BD1C-88BC177D77EB}.Release|x86.Build.0 = Release|Win32
		{B0972D83-CA83-4A7C-AB2B-4721B17D6E56}.Debug|x64.ActiveCfg = Debug|x64
		{B0972D83-CA83-4A7C-AB2B-4721B17D6E56}.Debug|x64.Build.0 = Debug|x64
		{B0972D83-CA83-4A7C-AB2B-4721B17D6E56}.Debug|x86.ActiveCfg = Debug|Win32
		{B0972D83-CA83-4A7C-AB2B-4721B17D6E56}.Debug|x86.Build.0 = Debug|Win32
		{B0972D83-CA83-4A7C-AB2B-4721B17D6E56}.Release|x64.ActiveCfg = Release|x64
		{B0972D83-CA83-4A7C-AB2B-4721B17D6E56}.Release|x64.Build.0 = Release|x64
		{B0972D83-CA83-4A7C-AB2B-4721B17D6E56}.Release|x86.ActiveCfg = Release|Win32
		{B0972D83-CA83-4A7C-AB2B-4721B17D6E56}.Release|x86.Build.0 = Release|Win32
		{CC820660-4B15-4CBA-82BA-247D99B2504C}.Debug|x64.ActiveCfg = Debug|x64
		{CC820660-4B15-4CBA-82BA-247D99B2504C}.Debug|x64.Build.0 = Debug|x64
		{CC820660-4B15-4CBA-82BA-247D99B2504C}.Debug|x86.ActiveCfg = Debug|Win32
		{CC820660-4B15-4CBA-82BA-247D99B2504C}.Debug|x86.Build.0 = Debug|Win32
		{CC820660-4B15-4CBA-82BA-247D99B2504C}.Release|x64.ActiveCfg = Release|x64
		{CC820660-4B15-4CBA-82BA-247D99B2504C}.Release|x64.Build.0 = Release|x64
		{CC820660-4B15-4CBA-82BA-247D99B2504C}.Release|x86.ActiveCfg = Release|Win32
		{CC820660-4B15-4CBA-82BA-247D99B2504C}.Release|x86.Build.0 = Release|Win32
		{3566FB79-8930-4B06-82D6-F87AA62E17CC}.Debug|x64.ActiveCfg = Debug|x64
		{3566FB79-8930-4B06-82D6-F87AA62E17CC}.Debug|x64.Build.0 = Debug|x64
		{3566FB79-8930-4B06-82D6-F87AA62E17CC}.Debug|x86.ActiveCfg = Debug|Win32
		{3566FB79-8930-4B06-82D6-F87AA62E17CC}.Debug|x86.Build.0 = Debug|Win32
		{3566FB79-8930-4B06-82D6-F87AA62E17CC}.Release|x64.ActiveCfg = Release|x64
		{3566FB79-8930-4B06-82D6-F87AA62E17CC}.Release|x64.Build.0 = Release|x64
		{3566FB79-8930-4B06-82D6-F87AA62E17CC}.Release|x86.ActiveCfg = Release|Win32
		{3566FB79-8930-4B06-82D6-F87AA62E17CC}.Release|x86.Build.0 = Release|Win32
		{D80E6611-31E4-460E-91EC-B0E984176D7E}.Debug|x64.ActiveCfg = Debug|x64
		{D80E6611-31E4-460E-91EC-B0E984176D7E}.Debug|x64.Build.0 = Debug|x64
		{D80E6611-31E4-460E-91EC-B0E984176D7E}.Debug|x86.ActiveCfg = Debug|Win32
		{D80E6611-31E4-460E-91EC-B0E984176D7E}.Debug|x86.Build.0 = Debug|Win32
		{D80E6611-31E4-460E-91EC-B0E984176D7E}.Release|x64.ActiveCfg = Release|x64
		{D80E6611-31E4-460E-91EC-B0E984176D7E}.Release|x64.Build.0 = Release|x64
		{D80E6611-31E4-460E-91EC-B0E984176D7E}.Release|x86.ActiveCfg = Release|Win32
		{D80E6611-31E4-460E-91EC-B0E984176D7E}.Release|x86.Build.0 = Release|Win32
		{9F3037DA-CC8C-42A5-958F-CAA123168F84}.Debug|x64.ActiveCfg = Debug|x64
		{9F3037DA-CC8C-42A5-958F-CAA123168F84}.Debug|x64.Build.0 = Debug|x64
		{9F3037DA-CC8C-42A5-958F-CAA123168F84}.Debug|x86.ActiveCfg = Debug|Win32
		{9F3037DA-CC8C-42A5-958F-CAA123168F84}.Debug|x86.Build.0 = Debug|Win32
		{9F3037DA-CC8C-42A5-958F-CAA123168F84}.Release|x64.ActiveCfg = Release|x64
		{9F3037DA-CC8C-42A5-958F-CAA123168F84}.Release|x64.Build.0 = Release|x64
		{9F3037DA-CC8C-42A5-958F-CAA123168F84}.Release|x86.ActiveCfg = Release|Win32
		{9F3037DA-CC8C-42A5-958F-CAA123168F84}.Release|x86.Build.0 = Release|Win32
		{10804271-84F3-41C9-AC9B-191BF7ABE957}.Debug|x64.ActiveCfg = Debug|x64
		{10804271-84F3-41C9-AC9B-191BF7ABE957}.Debug|x64.Build.0 = Debug|x64
		{10804271-84F3-41C9-AC9B-191BF7ABE957}.Debug|x86.ActiveCfg = Debug|Win32
		{10804271-84F3-41C9-AC9B-191BF7ABE957}.Debug|x86.Build.0 = Debug|Win32
		{10804271-84F3-41C9-AC9B-191BF7ABE957}.Release|x64.ActiveCfg = Release|x64
		{10804271-84F3-41C9-AC9B-191BF7ABE957}.Release|x64.Build.0 = Release|x64
		{10804271-84F3-41C9-AC9B-191BF7ABE957}.Release|x86.ActiveCfg = Release|Win32
		{10804271-84F3-41C9-AC9B-191BF7ABE957}.Release|x86.Build.0 = Release|Win32
		{7EA61032-CCD8-41E6-ACB1-34842E962AF7}.Debug|x64.ActiveCfg = Debug|x64
		{7EA61032-CCD8-41E6-ACB1-34842E962AF7}.Debug|x64.Build.0 = Debug|x64
		{7EA61032-CCD8-41E6-ACB1-34842E962AF7}.Debug|x86.ActiveCfg = Debug|Win32
		{7EA61032-CCD8-41E6-ACB1-34842E962AF7}.Debug|x86.Build.0 = Debug|Win32
		{7EA61032-CCD8-41E6-ACB1-34842E962AF7}.Release|x64.ActiveCfg = Release|x64
		{7EA61032-CCD8-41E6-ACB1-34842E962AF7}.Release|x64.Build.0 = Release|x64
		{7EA61032-CCD8-41E6-ACB1-34842E962AF7}.Release|x86.ActiveCfg = Release|Win32
		{7EA61032-CCD8-41E6-ACB1-34842E962AF7}.Release|x86.Build.0 = Release|Win32
		{AF2C97E8-B709-4C9B-BAAE-8A623533583C}.Debug|x64.ActiveCfg = Debug|x64
		{AF2C97E8-B709-4C9B-BAAE-8A623533583C}.Debug|x64.Build.0 = Debug|x64
		{AF2C97E8-B709-4C9B-BAAE-8A623533583C}.Debug|x86.ActiveCfg = Debug|Win32
		{AF2C97E8-B709-4C9B-BAAE-8A623533583C}.Debug|x86.Build.0 = Debug|Win32
		{AF2C97E8-B709-4C9B-BAAE-8A623533583C}.Release|x64.ActiveCfg = Release|x64
		{AF2C97E8-B709-4C9B-BAAE-8A623533583C}.Release|x64.Build.0 = Release|x64
		{AF2C97E8-B709-4C9B-BAAE-8A623533583C}.Release|x86.ActiveCfg = Release|Win32
		{AF2C97E8-B709-4C9B-BAAE-8A623533583C}.Release|x86.Build.0 = Release|Win32
		{21811E46-3D18-4B89-92A4-4CC3D67A27A2}.Debug|x64.ActiveCfg = Debug|x64
		{21811E46-3D18-4B89-92A4-4CC3D67A27A2}.Debug|x64.Build.0 = Debug|x64
		{21811E46-3D18-4B89-92A4-4CC3D67A27A2}.Debug|x86.ActiveCfg = Debug|Win32
		{21811E46-3D18-4B89-92A4-4CC3D67A27A2}.Debug|x86.Build.0 = Debug|Win32
		{21811E46-3D18-4B89-92A4-4CC3D67A27A2}.Release|x64.ActiveCfg = Release|x64
		{21811E46-3D18-4B89-92A4-4CC3D67A27A2}.Release|x64.Build.0 = Release|x64
		{21811E46-3D18-4B89-92A4-4CC3D67A27A2}.Release|x86.ActiveCfg = Release|Win32
		{21811E46-3D18-4B89-92A4-4CC3D67A27A2}.Release|x86.Build.0 = Release|Win32
		{82F59BCC-B31D-4968-9A9F-278199DB4C07}.Debug|x64.ActiveCfg = Debug|x64
		{82F59BCC-B31D-4968-9A9F-278199DB4C07}.Debug|x64.Build.0 = Debug|x64
		{82F59BCC-B31D-4968-9A9F-278199DB4C07}.Debug|x86.ActiveCfg = Debug|Win32
		{82F59BCC-B31D-4968-9A9F-278199DB4C07}.Debug|x86.Build.0 = Debug|Win32
		{82F59BCC-B31D-4968-9A9F-278199DB4C07}.Release|x64.ActiveCfg = Release|x64
		{82F59BCC-B31D-4968-9A9F-278199DB4C07}.Release|x64.Build.0 = Release|x64
		{82F59BCC-B31D-4968-9A9F-278199DB4C07}.Release|x86.ActiveCfg = Release|Win32
		{82F59BCC-B31D-4968-9A9F-278199DB4C07}.Release|x86.Build.0 = Release|Win32
		{B49F5712-815E-4A5B-8BD1-20FE2AE8B230}.Debug|x64.ActiveCfg = Debug|x64
		{B49F5712-815E-4A5B-8BD1-20FE2AE8B230}.Debug|x64.Build.0 = Debug|x64
		{B49F5712-815E-4A5B-8BD1-20FE2AE8B230}.Debug|x86.ActiveCfg = Debug|Win32
		{B49F5712-815E-4A5B-8BD1-20FE2AE8B230}.Debug|x86.Build.0 = Debug|Win32
		{B49F5712-815E-4A5B-8BD1-20FE2AE8B230}.Release|x64.ActiveCfg = Release|x64
		{B49F5712-815E-4A5B-8BD1-20FE2AE8B230}.Release|x64.Build.0 = Release|x64
		{B49F5712-815E-4A5B-8BD1-20FE2AE8B230}.Release|x86.ActiveCfg = Release|Win32
		{B49F5712-815E-4A5B-8BD1-20FE2AE8B230}.Release|x86.Build.0 = Release|Win32
		{2A176B31-D812-4DB2-A32A-5C6C3525C674}.Debug|x64.ActiveCfg = Debug|x64
		{2A176B31-D812-4DB2-A32A-5C6C3525C674}.Debug|x64.Build.0 = Debug|x64
		{2A176B31-D812-4DB2-A32A-5C6C3525C674}.Debug|x86.ActiveCfg = Debug|Win32
		{2A176B31-D812-4DB2-A32A-5C6C3525C674}.Debug|x86.Build.0 = Debug|Win32
		{2A176B31-D812-4DB2-A32A-5C6C3525C674}.Release|x64.ActiveCfg = Release|x64
		{2A176B31-D812-4DB2-A32A-5C6C3525C674}.Release|x64.Build.0 = Release|x64
		{2A176B31-D812-4DB2-A32A-5C6C3525C674}.Release|x86.ActiveCfg = Release|Win32
		{2A176B31-D812-4DB2-A32A-5C6C3525C674}.Release|x86.Build.0 = Release|Win32
		{AE0998E8-33F3-4267-82A9-1E6148646871}.Debug|x64.ActiveCfg = Debug|x64
		{AE0998E8-33F3-4267-82A9-1E6148646871}.Debug|x64.Build.0 = Debug|x64
		{AE0998E8-33F3-4267-82A9-1E6148646871}.Debug|x86.ActiveCfg = Debug|Win32
		{AE0998E8-33F3-4267-82A9-1E6148646871}.Debug|x86.Build.0 = Debug|Win32
		{AE0998E8-33F3-4267-82A9-1E6148646871}.Release|x64.ActiveCfg = Release|x64
		{AE0998E8-33F3-4267-82A9-1E6148646871}.Release|x64.Build.0 = Release|x64
		{AE0998E8-33F3-4267-82A9-1E6148646871}.Release|x86.ActiveCfg = Release|Win32
		{AE0998E8-33F3-4267-82A9-1E6148646871}.Release|x86.Build.0 = Release|Win32
		{9BB13848-2B35-4484-8CB8-54DA960C25CB}.Debug|x64.ActiveCfg = Debug|x64
		{9BB13848-2B35-4484-8CB8-54DA960C25CB}.Debug|x64.Build.0 = Debug|x64
		{9BB13848-2B35-4484-8CB8-54DA960C25CB}.Debug|x86.ActiveCfg = Debug|Win32
		{9BB13848-2B35-4484-8CB8-54DA960C25CB}.Debug|x86.Build.0 = Debug|Win32
		{9BB13848-2B35-4484-8CB8-54DA960C25CB}.Release|x64.ActiveCfg = Release|x64
		{9BB13848-2B35-4484-8CB8-54DA960C25CB}.Release|x64.Build.0 = Release|x64
		{9BB13848-2B35-4484-8CB8-54DA960C25CB}.Release|x86.ActiveCfg = Release|Win32
		{9BB13848-2B35-4484-8CB8-54DA960C25CB}.Release|x86.Build.0 = Release|Win32
		{5C97F20C-96F1-4F75-93E7-3741E1C7988D}.Debug|x64.ActiveCfg = Debug|x64
		{5C97F20C-96F1-4F75-93E7-3741E1C7988D}.Debug|x64.Build.0 = Debug|x64
		{5C97F20C-96F1-4F75-93E7-3741E1C7988D}.Debug|x86.ActiveCfg = Debug|Win32
		{5C97F20C-96F1-4F75-93E7-3741E1C7988D}.Debug|x86.Build.0 = Debug|Win32
		{5C97F20C-96F1-4F75-93E7-3741E1C7988D}.Release|x64.ActiveCfg = Release|x64
		{5C97F20C-96F1-4F75-93E7-3741E1C7988D}.Release|x64.Build.0 = Release|x64
		{5C97F20C-96F1-4F75-93E7-3741E1C7988D}.Release|x86.ActiveCfg = Release|Win32
		{5C97F20C-96F1-4F75-93E7-3741E1C7988D}.Release|x86.Build.0 = Release|Win32
	EndGlobalSection
	GlobalSection(SolutionProperties) = preSolution
		HideSolutionNode = FALSE
	EndGlobalSection
	GlobalSection(ExtensibilityGlobals) = postSolution
		SolutionGuid = {DE003FD7-4D3F-4EBF-98AA-11193DC0BDF1}
	EndGlobalSection
EndGlobal
